
Microsoft Visual Studio Solution File, Format Version 12.00
# Visual Studio 15
VisualStudioVersion = 15.0.27703.2000
MinimumVisualStudioVersion = 10.0.40219.1
Project("{FAE04EC0-301F-11D3-BF4B-00C04F79EFBC}") = "TestCore", "TestCore\TestCore.csproj", "{5CC1C17E-DA4B-4A44-9F00-51E4FE61CB94}"
EndProject
Global
	GlobalSection(SolutionConfigurationPlatforms) = preSolution
		Debug|Any CPU = Debug|Any CPU
		Release|Any CPU = Release|Any CPU
	EndGlobalSection
	GlobalSection(ProjectConfigurationPlatforms) = postSolution
		{5CC1C17E-DA4B-4A44-9F00-51E4FE61CB94}.Debug|Any CPU.ActiveCfg = Debug|Any CPU
		{5CC1C17E-DA4B-4A44-9F00-51E4FE61CB94}.Debug|Any CPU.Build.0 = Debug|Any CPU
		{5CC1C17E-DA4B-4A44-9F00-51E4FE61CB94}.Release|Any CPU.ActiveCfg = Release|Any CPU
		{5CC1C17E-DA4B-4A44-9F00-51E4FE61CB94}.Release|Any CPU.Build.0 = Release|Any CPU
	EndGlobalSection
	GlobalSection(SolutionProperties) = preSolution
		HideSolutionNode = FALSE
	EndGlobalSection
	GlobalSection(ExtensibilityGlobals) = postSolution
		SolutionGuid = {88591154-7423-44D0-8F53-C58780AC3265}
	EndGlobalSection
EndGlobal
